
Microsoft Visual Studio Solution File, Format Version 12.00
# Visual Studio Version 17
VisualStudioVersion = 17.0.31903.59
MinimumVisualStudioVersion = 10.0.40219.1
Project("{2150E333-8FDC-42A3-9474-1A3956D46DE8}") = "src", "src", "{827E0CD3-B72D-47B6-A68D-7590B98EB39B}"
EndProject
Project("{FAE04EC0-301F-11D3-BF4B-00C04F79EFBC}") = "KPFF.AutoCAD.DraftingAssistant.Plugin", "src\KPFF.AutoCAD.DraftingAssistant.Plugin\KPFF.AutoCAD.DraftingAssistant.Plugin.csproj", "{7DCB9452-D7B6-485A-A07F-F8E8EC787F7C}"
EndProject
Project("{FAE04EC0-301F-11D3-BF4B-00C04F79EFBC}") = "KPFF.AutoCAD.DraftingAssistant.UI", "src\KPFF.AutoCAD.DraftingAssistant.UI\KPFF.AutoCAD.DraftingAssistant.UI.csproj", "{54738E15-8B2B-43D3-BFA4-2521538158E9}"
EndProject
Project("{2150E333-8FDC-42A3-9474-1A3956D46DE8}") = "tests", "tests", "{0AB3BF05-4346-4AA6-1389-037BE0695223}"
EndProject
Project("{FAE04EC0-301F-11D3-BF4B-00C04F79EFBC}") = "KPFF.AutoCAD.DraftingAssistant.Tests", "tests\KPFF.AutoCAD.DraftingAssistant.Tests\KPFF.AutoCAD.DraftingAssistant.Tests.csproj", "{50ED9586-BDE1-411D-A508-2C3A12BBBE79}"
EndProject
Project("{FAE04EC0-301F-11D3-BF4B-00C04F79EFBC}") = "KPFF.AutoCAD.DraftingAssistant.Core", "src\KPFF.AutoCAD.DraftingAssistant.Core\KPFF.AutoCAD.DraftingAssistant.Core.csproj", "{029D4C3A-EC42-4E49-AB7B-4F1238DE7D6A}"
EndProject
Global
	GlobalSection(SolutionConfigurationPlatforms) = preSolution
		Debug|Any CPU = Debug|Any CPU
		Debug|x64 = Debug|x64
		Debug|x86 = Debug|x86
		Release|Any CPU = Release|Any CPU
		Release|x64 = Release|x64
		Release|x86 = Release|x86
	EndGlobalSection
	GlobalSection(ProjectConfigurationPlatforms) = postSolution
		{7DCB9452-D7B6-485A-A07F-F8E8EC787F7C}.Debug|Any CPU.ActiveCfg = Debug|Any CPU
		{7DCB9452-D7B6-485A-A07F-F8E8EC787F7C}.Debug|Any CPU.Build.0 = Debug|Any CPU
		{7DCB9452-D7B6-485A-A07F-F8E8EC787F7C}.Debug|x64.ActiveCfg = Debug|Any CPU
		{7DCB9452-D7B6-485A-A07F-F8E8EC787F7C}.Debug|x64.Build.0 = Debug|Any CPU
		{7DCB9452-D7B6-485A-A07F-F8E8EC787F7C}.Debug|x86.ActiveCfg = Debug|Any CPU
		{7DCB9452-D7B6-485A-A07F-F8E8EC787F7C}.Debug|x86.Build.0 = Debug|Any CPU
		{7DCB9452-D7B6-485A-A07F-F8E8EC787F7C}.Release|Any CPU.ActiveCfg = Release|Any CPU
		{7DCB9452-D7B6-485A-A07F-F8E8EC787F7C}.Release|Any CPU.Build.0 = Release|Any CPU
		{7DCB9452-D7B6-485A-A07F-F8E8EC787F7C}.Release|x64.ActiveCfg = Release|Any CPU
		{7DCB9452-D7B6-485A-A07F-F8E8EC787F7C}.Release|x64.Build.0 = Release|Any CPU
		{7DCB9452-D7B6-485A-A07F-F8E8EC787F7C}.Release|x86.ActiveCfg = Release|Any CPU
		{7DCB9452-D7B6-485A-A07F-F8E8EC787F7C}.Release|x86.Build.0 = Release|Any CPU
		{54738E15-8B2B-43D3-BFA4-2521538158E9}.Debug|Any CPU.ActiveCfg = Debug|Any CPU
		{54738E15-8B2B-43D3-BFA4-2521538158E9}.Debug|Any CPU.Build.0 = Debug|Any CPU
		{54738E15-8B2B-43D3-BFA4-2521538158E9}.Debug|x64.ActiveCfg = Debug|Any CPU
		{54738E15-8B2B-43D3-BFA4-2521538158E9}.Debug|x64.Build.0 = Debug|Any CPU
		{54738E15-8B2B-43D3-BFA4-2521538158E9}.Debug|x86.ActiveCfg = Debug|Any CPU
		{54738E15-8B2B-43D3-BFA4-2521538158E9}.Debug|x86.Build.0 = Debug|Any CPU
		{54738E15-8B2B-43D3-BFA4-2521538158E9}.Release|Any CPU.ActiveCfg = Release|Any CPU
		{54738E15-8B2B-43D3-BFA4-2521538158E9}.Release|Any CPU.Build.0 = Release|Any CPU
		{54738E15-8B2B-43D3-BFA4-2521538158E9}.Release|x64.ActiveCfg = Release|Any CPU
		{54738E15-8B2B-43D3-BFA4-2521538158E9}.Release|x64.Build.0 = Release|Any CPU
		{54738E15-8B2B-43D3-BFA4-2521538158E9}.Release|x86.ActiveCfg = Release|Any CPU
		{54738E15-8B2B-43D3-BFA4-2521538158E9}.Release|x86.Build.0 = Release|Any CPU
		{50ED9586-BDE1-411D-A508-2C3A12BBBE79}.Debug|Any CPU.ActiveCfg = Debug|Any CPU
		{50ED9586-BDE1-411D-A508-2C3A12BBBE79}.Debug|Any CPU.Build.0 = Debug|Any CPU
		{50ED9586-BDE1-411D-A508-2C3A12BBBE79}.Debug|x64.ActiveCfg = Debug|Any CPU
		{50ED9586-BDE1-411D-A508-2C3A12BBBE79}.Debug|x64.Build.0 = Debug|Any CPU
		{50ED9586-BDE1-411D-A508-2C3A12BBBE79}.Debug|x86.ActiveCfg = Debug|Any CPU
		{50ED9586-BDE1-411D-A508-2C3A12BBBE79}.Debug|x86.Build.0 = Debug|Any CPU
		{50ED9586-BDE1-411D-A508-2C3A12BBBE79}.Release|Any CPU.ActiveCfg = Release|Any CPU
		{50ED9586-BDE1-411D-A508-2C3A12BBBE79}.Release|Any CPU.Build.0 = Release|Any CPU
		{50ED9586-BDE1-411D-A508-2C3A12BBBE79}.Release|x64.ActiveCfg = Release|Any CPU
		{50ED9586-BDE1-411D-A508-2C3A12BBBE79}.Release|x64.Build.0 = Release|Any CPU
		{50ED9586-BDE1-411D-A508-2C3A12BBBE79}.Release|x86.ActiveCfg = Release|Any CPU
		{50ED9586-BDE1-411D-A508-2C3A12BBBE79}.Release|x86.Build.0 = Release|Any CPU
		{029D4C3A-EC42-4E49-AB7B-4F1238DE7D6A}.Debug|Any CPU.ActiveCfg = Debug|Any CPU
		{029D4C3A-EC42-4E49-AB7B-4F1238DE7D6A}.Debug|Any CPU.Build.0 = Debug|Any CPU
		{029D4C3A-EC42-4E49-AB7B-4F1238DE7D6A}.Debug|x64.ActiveCfg = Debug|Any CPU
		{029D4C3A-EC42-4E49-AB7B-4F1238DE7D6A}.Debug|x64.Build.0 = Debug|Any CPU
		{029D4C3A-EC42-4E49-AB7B-4F1238DE7D6A}.Debug|x86.ActiveCfg = Debug|Any CPU
		{029D4C3A-EC42-4E49-AB7B-4F1238DE7D6A}.Debug|x86.Build.0 = Debug|Any CPU
		{029D4C3A-EC42-4E49-AB7B-4F1238DE7D6A}.Release|Any CPU.ActiveCfg = Release|Any CPU
		{029D4C3A-EC42-4E49-AB7B-4F1238DE7D6A}.Release|Any CPU.Build.0 = Release|Any CPU
		{029D4C3A-EC42-4E49-AB7B-4F1238DE7D6A}.Release|x64.ActiveCfg = Release|Any CPU
		{029D4C3A-EC42-4E49-AB7B-4F1238DE7D6A}.Release|x64.Build.0 = Release|Any CPU
		{029D4C3A-EC42-4E49-AB7B-4F1238DE7D6A}.Release|x86.ActiveCfg = Release|Any CPU
		{029D4C3A-EC42-4E49-AB7B-4F1238DE7D6A}.Release|x86.Build.0 = Release|Any CPU
	EndGlobalSection
	GlobalSection(SolutionProperties) = preSolution
		HideSolutionNode = FALSE
	EndGlobalSection
	GlobalSection(NestedProjects) = preSolution
		{7DCB9452-D7B6-485A-A07F-F8E8EC787F7C} = {827E0CD3-B72D-47B6-A68D-7590B98EB39B}
		{54738E15-8B2B-43D3-BFA4-2521538158E9} = {827E0CD3-B72D-47B6-A68D-7590B98EB39B}
		{50ED9586-BDE1-411D-A508-2C3A12BBBE79} = {0AB3BF05-4346-4AA6-1389-037BE0695223}
		{029D4C3A-EC42-4E49-AB7B-4F1238DE7D6A} = {827E0CD3-B72D-47B6-A68D-7590B98EB39B}
	EndGlobalSection
EndGlobal
